// !$*UTF8*$!
{
	archiveVersion = 1;
	classes = {
	};
	objectVersion = 77;
	objects = {

/* Begin PBXBuildFile section */
		A045896C2D9F78D300A7E865 /* RealityKitContent in Frameworks */ = {isa = PBXBuildFile; productRef = A045896B2D9F78D300A7E865 /* RealityKitContent */; };
		A0A9C7742D9F7A5400D2646C /* SwiftSoup in Frameworks */ = {isa = PBXBuildFile; productRef = A0A9C7732D9F7A5400D2646C /* SwiftSoup */; };
		A0B318382D90896400658E72 /* SwiftSoup in Frameworks */ = {isa = PBXBuildFile; productRef = A0B318372D90896400658E72 /* SwiftSoup */; };
		A0E9933F2D9E23E000A50EDE /* WidgetKit.framework in Frameworks */ = {isa = PBXBuildFile; fileRef = A0E9933E2D9E23E000A50EDE /* WidgetKit.framework */; };
		A0E993412D9E23E000A50EDE /* SwiftUI.framework in Frameworks */ = {isa = PBXBuildFile; fileRef = A0E993402D9E23E000A50EDE /* SwiftUI.framework */; };
		A0E9934C2D9E23E100A50EDE /* LastEventStatsWidgetExtension.appex in Embed Foundation Extensions */ = {isa = PBXBuildFile; fileRef = A0E9933C2D9E23E000A50EDE /* LastEventStatsWidgetExtension.appex */; settings = {ATTRIBUTES = (RemoveHeadersOnCopy, ); }; };
		A0E993A52D9ED82A00A50EDE /* SwiftSoup in Frameworks */ = {isa = PBXBuildFile; productRef = A0E993A42D9ED82A00A50EDE /* SwiftSoup */; };
		A0E9947A2D9F422400A50EDE /* SwiftSoup in Frameworks */ = {isa = PBXBuildFile; productRef = A0E994792D9F422400A50EDE /* SwiftSoup */; };
		A0E994C22D9F6C2D00A50EDE /* SwiftSoup in Frameworks */ = {isa = PBXBuildFile; productRef = A0E994C12D9F6C2D00A50EDE /* SwiftSoup */; };
/* End PBXBuildFile section */

/* Begin PBXContainerItemProxy section */
		A0E9934A2D9E23E100A50EDE /* PBXContainerItemProxy */ = {
			isa = PBXContainerItemProxy;
			containerPortal = A0B318112D9080B400658E72 /* Project object */;
			proxyType = 1;
			remoteGlobalIDString = A0E9933B2D9E23E000A50EDE;
			remoteInfo = LastEventStatsWidgetExtension;
		};
/* End PBXContainerItemProxy section */

/* Begin PBXCopyFilesBuildPhase section */
		A0E9934D2D9E23E100A50EDE /* Embed Foundation Extensions */ = {
			isa = PBXCopyFilesBuildPhase;
			buildActionMask = 2147483647;
			dstPath = "";
			dstSubfolderSpec = 13;
			files = (
				A0E9934C2D9E23E100A50EDE /* LastEventStatsWidgetExtension.appex in Embed Foundation Extensions */,
			);
			name = "Embed Foundation Extensions";
			runOnlyForDeploymentPostprocessing = 0;
		};
/* End PBXCopyFilesBuildPhase section */

/* Begin PBXFileReference section */
		A04589672D9F78D200A7E865 /* MMAScoreCardVisionOS.app */ = {isa = PBXFileReference; explicitFileType = wrapper.application; includeInIndex = 0; path = MMAScoreCardVisionOS.app; sourceTree = BUILT_PRODUCTS_DIR; };
		A045896A2D9F78D300A7E865 /* RealityKitContent */ = {isa = PBXFileReference; lastKnownFileType = wrapper; path = RealityKitContent; sourceTree = "<group>"; };
		A0B318192D9080B400658E72 /* MMAScoreCard.app */ = {isa = PBXFileReference; explicitFileType = wrapper.application; includeInIndex = 0; path = MMAScoreCard.app; sourceTree = BUILT_PRODUCTS_DIR; };
		A0E9933C2D9E23E000A50EDE /* LastEventStatsWidgetExtension.appex */ = {isa = PBXFileReference; explicitFileType = "wrapper.app-extension"; includeInIndex = 0; path = LastEventStatsWidgetExtension.appex; sourceTree = BUILT_PRODUCTS_DIR; };
		A0E9933E2D9E23E000A50EDE /* WidgetKit.framework */ = {isa = PBXFileReference; lastKnownFileType = wrapper.framework; name = WidgetKit.framework; path = System/Library/Frameworks/WidgetKit.framework; sourceTree = SDKROOT; };
		A0E993402D9E23E000A50EDE /* SwiftUI.framework */ = {isa = PBXFileReference; lastKnownFileType = wrapper.framework; name = SwiftUI.framework; path = System/Library/Frameworks/SwiftUI.framework; sourceTree = SDKROOT; };
		A0E993A62D9EDD0200A50EDE /* LastEventStatsWidgetExtension.entitlements */ = {isa = PBXFileReference; lastKnownFileType = text.plist.entitlements; path = LastEventStatsWidgetExtension.entitlements; sourceTree = "<group>"; };
		A0E994632D9F40FC00A50EDE /* MMAScoreCardWatch Watch App.app */ = {isa = PBXFileReference; explicitFileType = wrapper.application; includeInIndex = 0; path = "MMAScoreCardWatch Watch App.app"; sourceTree = BUILT_PRODUCTS_DIR; };
		A0E9947B2D9F422900A50EDE /* MMAScoreCardWatch-Watch-App-Info.plist */ = {isa = PBXFileReference; lastKnownFileType = text.plist; path = "MMAScoreCardWatch-Watch-App-Info.plist"; sourceTree = "<group>"; };
		A0E994A52D9F6B6000A50EDE /* MMAScoreCardTv.app */ = {isa = PBXFileReference; explicitFileType = wrapper.application; includeInIndex = 0; path = MMAScoreCardTv.app; sourceTree = BUILT_PRODUCTS_DIR; };
/* End PBXFileReference section */

/* Begin PBXFileSystemSynchronizedBuildFileExceptionSet section */
		A04589792D9F78D400A7E865 /* Exceptions for "MMAScoreCardVisionOS" folder in "MMAScoreCardVisionOS" target */ = {
			isa = PBXFileSystemSynchronizedBuildFileExceptionSet;
			membershipExceptions = (
				Info.plist,
			);
			target = A04589662D9F78D200A7E865 /* MMAScoreCardVisionOS */;
		};
		A0A9C7682D9F79F300D2646C /* Exceptions for "Shared" folder in "MMAScoreCardVisionOS" target */ = {
			isa = PBXFileSystemSynchronizedBuildFileExceptionSet;
			membershipExceptions = (
				Enums/FilterOptions.swift,
				Models/Event.swift,
				Models/Fight.swift,
				Models/Fighter.swift,
				Models/Record.swift,
				Protocols/MMADataProvider.swift,
				Services/Http/Http.swift,
				Services/Http/HttpErrors.swift,
				Services/LocalStorage/LocalStorage.swift,
				Services/LocalStorage/LocalStorageErrors.swift,
				Services/Mock/Mock.swift,
				Services/Sherdog/Sherdog.swift,
				Services/Sherdog/SherdogErrors.swift,
				Services/UFC/UFC.swift,
			);
			target = A04589662D9F78D200A7E865 /* MMAScoreCardVisionOS */;
		};
		A0B318B62D90979F00658E72 /* Exceptions for "MMAScoreCard" folder in "MMAScoreCard" target */ = {
			isa = PBXFileSystemSynchronizedBuildFileExceptionSet;
			membershipExceptions = (
				Info.plist,
			);
			target = A0B318182D9080B400658E72 /* MMAScoreCard */;
		};
		A0E993512D9E23E100A50EDE /* Exceptions for "LastEventStatsWidget" folder in "LastEventStatsWidgetExtension" target */ = {
			isa = PBXFileSystemSynchronizedBuildFileExceptionSet;
			membershipExceptions = (
				Info.plist,
			);
			target = A0E9933B2D9E23E000A50EDE /* LastEventStatsWidgetExtension */;
		};
		A0E9947E2D9F426400A50EDE /* Exceptions for "Shared" folder in "MMAScoreCard" target */ = {
			isa = PBXFileSystemSynchronizedBuildFileExceptionSet;
			membershipExceptions = (
				Enums/FilterOptions.swift,
				Models/Event.swift,
				Models/Fight.swift,
				Models/Fighter.swift,
				Models/Record.swift,
				Protocols/MMADataProvider.swift,
				Services/Http/Http.swift,
				Services/Http/HttpErrors.swift,
				Services/LocalStorage/LocalStorage.swift,
				Services/LocalStorage/LocalStorageErrors.swift,
				Services/Mock/Mock.swift,
				Services/Sherdog/Sherdog.swift,
				Services/Sherdog/SherdogErrors.swift,
				Services/UFC/UFC.swift,
			);
			target = A0B318182D9080B400658E72 /* MMAScoreCard */;
		};
		A0E9947F2D9F426400A50EDE /* Exceptions for "Shared" folder in "MMAScoreCardWatch Watch App" target */ = {
			isa = PBXFileSystemSynchronizedBuildFileExceptionSet;
			membershipExceptions = (
				Enums/FilterOptions.swift,
				Models/Event.swift,
				Models/Fight.swift,
				Models/Fighter.swift,
				Models/Record.swift,
				Protocols/MMADataProvider.swift,
				Services/Http/Http.swift,
				Services/Http/HttpErrors.swift,
				Services/LocalStorage/LocalStorage.swift,
				Services/LocalStorage/LocalStorageErrors.swift,
				Services/Mock/Mock.swift,
				Services/Sherdog/Sherdog.swift,
				Services/Sherdog/SherdogErrors.swift,
				Services/UFC/UFC.swift,
			);
			target = A0E994622D9F40FC00A50EDE /* MMAScoreCardWatch Watch App */;
		};
		A0E994B42D9F6BE200A50EDE /* Exceptions for "Shared" folder in "MMAScoreCardTv" target */ = {
			isa = PBXFileSystemSynchronizedBuildFileExceptionSet;
			membershipExceptions = (
				Enums/FilterOptions.swift,
				Models/Event.swift,
				Models/Fight.swift,
				Models/Fighter.swift,
				Models/Record.swift,
				Protocols/MMADataProvider.swift,
				Services/Http/Http.swift,
				Services/Http/HttpErrors.swift,
				Services/LocalStorage/LocalStorage.swift,
				Services/LocalStorage/LocalStorageErrors.swift,
				Services/Mock/Mock.swift,
				Services/Sherdog/Sherdog.swift,
				Services/Sherdog/SherdogErrors.swift,
				Services/UFC/UFC.swift,
			);
			target = A0E994A42D9F6B6000A50EDE /* MMAScoreCardTv */;
		};
		A0E994C02D9F6C1E00A50EDE /* Exceptions for "MMAScoreCardTv" folder in "MMAScoreCardTv" target */ = {
			isa = PBXFileSystemSynchronizedBuildFileExceptionSet;
			membershipExceptions = (
				Info.plist,
			);
			target = A0E994A42D9F6B6000A50EDE /* MMAScoreCardTv */;
		};
/* End PBXFileSystemSynchronizedBuildFileExceptionSet section */

/* Begin PBXFileSystemSynchronizedRootGroup section */
		A04589682D9F78D200A7E865 /* MMAScoreCardVisionOS */ = {
			isa = PBXFileSystemSynchronizedRootGroup;
			exceptions = (
				A04589792D9F78D400A7E865 /* Exceptions for "MMAScoreCardVisionOS" folder in "MMAScoreCardVisionOS" target */,
			);
			path = MMAScoreCardVisionOS;
			sourceTree = "<group>";
		};
		A0B3181B2D9080B400658E72 /* MMAScoreCard */ = {
			isa = PBXFileSystemSynchronizedRootGroup;
			exceptions = (
				A0B318B62D90979F00658E72 /* Exceptions for "MMAScoreCard" folder in "MMAScoreCard" target */,
			);
			path = MMAScoreCard;
			sourceTree = "<group>";
		};
		A0E993422D9E23E000A50EDE /* LastEventStatsWidget */ = {
			isa = PBXFileSystemSynchronizedRootGroup;
			exceptions = (
				A0E993512D9E23E100A50EDE /* Exceptions for "LastEventStatsWidget" folder in "LastEventStatsWidgetExtension" target */,
			);
			path = LastEventStatsWidget;
			sourceTree = "<group>";
		};
		A0E994642D9F40FC00A50EDE /* MMAScoreCardWatchApp */ = {
			isa = PBXFileSystemSynchronizedRootGroup;
			path = MMAScoreCardWatchApp;
			sourceTree = "<group>";
		};
		A0E994782D9F41FE00A50EDE /* Shared */ = {
			isa = PBXFileSystemSynchronizedRootGroup;
			exceptions = (
				A0E9947E2D9F426400A50EDE /* Exceptions for "Shared" folder in "MMAScoreCard" target */,
				A0E9947F2D9F426400A50EDE /* Exceptions for "Shared" folder in "MMAScoreCardWatch Watch App" target */,
				A0E994B42D9F6BE200A50EDE /* Exceptions for "Shared" folder in "MMAScoreCardTv" target */,
				A0A9C7682D9F79F300D2646C /* Exceptions for "Shared" folder in "MMAScoreCardVisionOS" target */,
			);
			path = Shared;
			sourceTree = "<group>";
		};
		A0E994A62D9F6B6000A50EDE /* MMAScoreCardTv */ = {
			isa = PBXFileSystemSynchronizedRootGroup;
			exceptions = (
				A0E994C02D9F6C1E00A50EDE /* Exceptions for "MMAScoreCardTv" folder in "MMAScoreCardTv" target */,
			);
			path = MMAScoreCardTv;
			sourceTree = "<group>";
		};
/* End PBXFileSystemSynchronizedRootGroup section */

/* Begin PBXFrameworksBuildPhase section */
		A04589642D9F78D200A7E865 /* Frameworks */ = {
			isa = PBXFrameworksBuildPhase;
			buildActionMask = 2147483647;
			files = (
				A045896C2D9F78D300A7E865 /* RealityKitContent in Frameworks */,
				A0A9C7742D9F7A5400D2646C /* SwiftSoup in Frameworks */,
			);
			runOnlyForDeploymentPostprocessing = 0;
		};
		A0B318162D9080B400658E72 /* Frameworks */ = {
			isa = PBXFrameworksBuildPhase;
			buildActionMask = 2147483647;
			files = (
				A0B318382D90896400658E72 /* SwiftSoup in Frameworks */,
			);
			runOnlyForDeploymentPostprocessing = 0;
		};
		A0E993392D9E23E000A50EDE /* Frameworks */ = {
			isa = PBXFrameworksBuildPhase;
			buildActionMask = 2147483647;
			files = (
				A0E993412D9E23E000A50EDE /* SwiftUI.framework in Frameworks */,
				A0E9933F2D9E23E000A50EDE /* WidgetKit.framework in Frameworks */,
				A0E993A52D9ED82A00A50EDE /* SwiftSoup in Frameworks */,
			);
			runOnlyForDeploymentPostprocessing = 0;
		};
		A0E994602D9F40FC00A50EDE /* Frameworks */ = {
			isa = PBXFrameworksBuildPhase;
			buildActionMask = 2147483647;
			files = (
				A0E9947A2D9F422400A50EDE /* SwiftSoup in Frameworks */,
			);
			runOnlyForDeploymentPostprocessing = 0;
		};
		A0E994A22D9F6B6000A50EDE /* Frameworks */ = {
			isa = PBXFrameworksBuildPhase;
			buildActionMask = 2147483647;
			files = (
				A0E994C22D9F6C2D00A50EDE /* SwiftSoup in Frameworks */,
			);
			runOnlyForDeploymentPostprocessing = 0;
		};
/* End PBXFrameworksBuildPhase section */

/* Begin PBXGroup section */
		A04589692D9F78D300A7E865 /* Packages */ = {
			isa = PBXGroup;
			children = (
				A045896A2D9F78D300A7E865 /* RealityKitContent */,
			);
			path = Packages;
			sourceTree = "<group>";
		};
		A0B318102D9080B400658E72 = {
			isa = PBXGroup;
			children = (
				A0E9947B2D9F422900A50EDE /* MMAScoreCardWatch-Watch-App-Info.plist */,
				A0E994782D9F41FE00A50EDE /* Shared */,
				A0E993A62D9EDD0200A50EDE /* LastEventStatsWidgetExtension.entitlements */,
				A0B3181B2D9080B400658E72 /* MMAScoreCard */,
				A0E993422D9E23E000A50EDE /* LastEventStatsWidget */,
				A0E994642D9F40FC00A50EDE /* MMAScoreCardWatchApp */,
				A0E994A62D9F6B6000A50EDE /* MMAScoreCardTv */,
				A04589682D9F78D200A7E865 /* MMAScoreCardVisionOS */,
				A0E9933D2D9E23E000A50EDE /* Frameworks */,
				A04589692D9F78D300A7E865 /* Packages */,
				A0B3181A2D9080B400658E72 /* Products */,
			);
			sourceTree = "<group>";
		};
		A0B3181A2D9080B400658E72 /* Products */ = {
			isa = PBXGroup;
			children = (
				A0B318192D9080B400658E72 /* MMAScoreCard.app */,
				A0E9933C2D9E23E000A50EDE /* LastEventStatsWidgetExtension.appex */,
				A0E994632D9F40FC00A50EDE /* MMAScoreCardWatch Watch App.app */,
				A0E994A52D9F6B6000A50EDE /* MMAScoreCardTv.app */,
				A04589672D9F78D200A7E865 /* MMAScoreCardVisionOS.app */,
			);
			name = Products;
			sourceTree = "<group>";
		};
		A0E9933D2D9E23E000A50EDE /* Frameworks */ = {
			isa = PBXGroup;
			children = (
				A0E9933E2D9E23E000A50EDE /* WidgetKit.framework */,
				A0E993402D9E23E000A50EDE /* SwiftUI.framework */,
			);
			name = Frameworks;
			sourceTree = "<group>";
		};
/* End PBXGroup section */

/* Begin PBXNativeTarget section */
		A04589662D9F78D200A7E865 /* MMAScoreCardVisionOS */ = {
			isa = PBXNativeTarget;
			buildConfigurationList = A045897A2D9F78D400A7E865 /* Build configuration list for PBXNativeTarget "MMAScoreCardVisionOS" */;
			buildPhases = (
				A04589632D9F78D200A7E865 /* Sources */,
				A04589642D9F78D200A7E865 /* Frameworks */,
				A04589652D9F78D200A7E865 /* Resources */,
			);
			buildRules = (
			);
			dependencies = (
			);
			fileSystemSynchronizedGroups = (
				A04589682D9F78D200A7E865 /* MMAScoreCardVisionOS */,
			);
			name = MMAScoreCardVisionOS;
			packageProductDependencies = (
				A045896B2D9F78D300A7E865 /* RealityKitContent */,
				A0A9C7732D9F7A5400D2646C /* SwiftSoup */,
			);
			productName = MMAScoreCardVisionOS;
			productReference = A04589672D9F78D200A7E865 /* MMAScoreCardVisionOS.app */;
			productType = "com.apple.product-type.application";
		};
		A0B318182D9080B400658E72 /* MMAScoreCard */ = {
			isa = PBXNativeTarget;
			buildConfigurationList = A0B318272D9080B600658E72 /* Build configuration list for PBXNativeTarget "MMAScoreCard" */;
			buildPhases = (
				A0B318152D9080B400658E72 /* Sources */,
				A0B318162D9080B400658E72 /* Frameworks */,
				A0B318172D9080B400658E72 /* Resources */,
				A0E9934D2D9E23E100A50EDE /* Embed Foundation Extensions */,
			);
			buildRules = (
			);
			dependencies = (
				A0E9934B2D9E23E100A50EDE /* PBXTargetDependency */,
			);
			fileSystemSynchronizedGroups = (
				A0B3181B2D9080B400658E72 /* MMAScoreCard */,
			);
			name = MMAScoreCard;
			packageProductDependencies = (
				A0B318372D90896400658E72 /* SwiftSoup */,
			);
			productName = MMAScoreCard;
			productReference = A0B318192D9080B400658E72 /* MMAScoreCard.app */;
			productType = "com.apple.product-type.application";
		};
		A0E9933B2D9E23E000A50EDE /* LastEventStatsWidgetExtension */ = {
			isa = PBXNativeTarget;
			buildConfigurationList = A0E993502D9E23E100A50EDE /* Build configuration list for PBXNativeTarget "LastEventStatsWidgetExtension" */;
			buildPhases = (
				A0E993382D9E23E000A50EDE /* Sources */,
				A0E993392D9E23E000A50EDE /* Frameworks */,
				A0E9933A2D9E23E000A50EDE /* Resources */,
			);
			buildRules = (
			);
			dependencies = (
			);
			fileSystemSynchronizedGroups = (
				A0E993422D9E23E000A50EDE /* LastEventStatsWidget */,
				A0E994782D9F41FE00A50EDE /* Shared */,
			);
			name = LastEventStatsWidgetExtension;
			packageProductDependencies = (
				A0E993A42D9ED82A00A50EDE /* SwiftSoup */,
			);
			productName = LastEventStatsWidgetExtension;
			productReference = A0E9933C2D9E23E000A50EDE /* LastEventStatsWidgetExtension.appex */;
			productType = "com.apple.product-type.app-extension";
		};
		A0E994622D9F40FC00A50EDE /* MMAScoreCardWatch Watch App */ = {
			isa = PBXNativeTarget;
			buildConfigurationList = A0E994742D9F40FD00A50EDE /* Build configuration list for PBXNativeTarget "MMAScoreCardWatch Watch App" */;
			buildPhases = (
				A0E9945F2D9F40FC00A50EDE /* Sources */,
				A0E994602D9F40FC00A50EDE /* Frameworks */,
				A0E994612D9F40FC00A50EDE /* Resources */,
			);
			buildRules = (
			);
			dependencies = (
			);
			fileSystemSynchronizedGroups = (
				A0E994642D9F40FC00A50EDE /* MMAScoreCardWatchApp */,
			);
			name = "MMAScoreCardWatch Watch App";
			packageProductDependencies = (
				A0E994792D9F422400A50EDE /* SwiftSoup */,
			);
			productName = "MMAScoreCardWatch Watch App";
			productReference = A0E994632D9F40FC00A50EDE /* MMAScoreCardWatch Watch App.app */;
			productType = "com.apple.product-type.application";
		};
		A0E994A42D9F6B6000A50EDE /* MMAScoreCardTv */ = {
			isa = PBXNativeTarget;
			buildConfigurationList = A0E994B02D9F6B6200A50EDE /* Build configuration list for PBXNativeTarget "MMAScoreCardTv" */;
			buildPhases = (
				A0E994A12D9F6B6000A50EDE /* Sources */,
				A0E994A22D9F6B6000A50EDE /* Frameworks */,
				A0E994A32D9F6B6000A50EDE /* Resources */,
			);
			buildRules = (
			);
			dependencies = (
			);
			fileSystemSynchronizedGroups = (
				A0E994A62D9F6B6000A50EDE /* MMAScoreCardTv */,
			);
			name = MMAScoreCardTv;
			packageProductDependencies = (
				A0E994C12D9F6C2D00A50EDE /* SwiftSoup */,
			);
			productName = MMAScoreCardTv;
			productReference = A0E994A52D9F6B6000A50EDE /* MMAScoreCardTv.app */;
			productType = "com.apple.product-type.application";
		};
/* End PBXNativeTarget section */

/* Begin PBXProject section */
		A0B318112D9080B400658E72 /* Project object */ = {
			isa = PBXProject;
			attributes = {
				BuildIndependentTargetsInParallel = 1;
				LastSwiftUpdateCheck = 1600;
				LastUpgradeCheck = 1600;
				TargetAttributes = {
					A04589662D9F78D200A7E865 = {
						CreatedOnToolsVersion = 16.0;
					};
					A0B318182D9080B400658E72 = {
						CreatedOnToolsVersion = 16.0;
					};
					A0E9933B2D9E23E000A50EDE = {
						CreatedOnToolsVersion = 16.0;
					};
					A0E994622D9F40FC00A50EDE = {
						CreatedOnToolsVersion = 16.0;
					};
					A0E994A42D9F6B6000A50EDE = {
						CreatedOnToolsVersion = 16.0;
					};
				};
			};
			buildConfigurationList = A0B318142D9080B400658E72 /* Build configuration list for PBXProject "MMAScoreCard" */;
			developmentRegion = en;
			hasScannedForEncodings = 0;
			knownRegions = (
				en,
				Base,
				es,
			);
			mainGroup = A0B318102D9080B400658E72;
			minimizedProjectReferenceProxies = 1;
			packageReferences = (
				A0B318362D90896400658E72 /* XCRemoteSwiftPackageReference "SwiftSoup" */,
			);
			preferredProjectObjectVersion = 77;
			productRefGroup = A0B3181A2D9080B400658E72 /* Products */;
			projectDirPath = "";
			projectRoot = "";
			targets = (
				A0B318182D9080B400658E72 /* MMAScoreCard */,
				A0E9933B2D9E23E000A50EDE /* LastEventStatsWidgetExtension */,
				A0E994622D9F40FC00A50EDE /* MMAScoreCardWatch Watch App */,
				A0E994A42D9F6B6000A50EDE /* MMAScoreCardTv */,
				A04589662D9F78D200A7E865 /* MMAScoreCardVisionOS */,
			);
		};
/* End PBXProject section */

/* Begin PBXResourcesBuildPhase section */
		A04589652D9F78D200A7E865 /* Resources */ = {
			isa = PBXResourcesBuildPhase;
			buildActionMask = 2147483647;
			files = (
			);
			runOnlyForDeploymentPostprocessing = 0;
		};
		A0B318172D9080B400658E72 /* Resources */ = {
			isa = PBXResourcesBuildPhase;
			buildActionMask = 2147483647;
			files = (
			);
			runOnlyForDeploymentPostprocessing = 0;
		};
		A0E9933A2D9E23E000A50EDE /* Resources */ = {
			isa = PBXResourcesBuildPhase;
			buildActionMask = 2147483647;
			files = (
			);
			runOnlyForDeploymentPostprocessing = 0;
		};
		A0E994612D9F40FC00A50EDE /* Resources */ = {
			isa = PBXResourcesBuildPhase;
			buildActionMask = 2147483647;
			files = (
			);
			runOnlyForDeploymentPostprocessing = 0;
		};
		A0E994A32D9F6B6000A50EDE /* Resources */ = {
			isa = PBXResourcesBuildPhase;
			buildActionMask = 2147483647;
			files = (
			);
			runOnlyForDeploymentPostprocessing = 0;
		};
/* End PBXResourcesBuildPhase section */

/* Begin PBXSourcesBuildPhase section */
		A04589632D9F78D200A7E865 /* Sources */ = {
			isa = PBXSourcesBuildPhase;
			buildActionMask = 2147483647;
			files = (
			);
			runOnlyForDeploymentPostprocessing = 0;
		};
		A0B318152D9080B400658E72 /* Sources */ = {
			isa = PBXSourcesBuildPhase;
			buildActionMask = 2147483647;
			files = (
			);
			runOnlyForDeploymentPostprocessing = 0;
		};
		A0E993382D9E23E000A50EDE /* Sources */ = {
			isa = PBXSourcesBuildPhase;
			buildActionMask = 2147483647;
			files = (
			);
			runOnlyForDeploymentPostprocessing = 0;
		};
		A0E9945F2D9F40FC00A50EDE /* Sources */ = {
			isa = PBXSourcesBuildPhase;
			buildActionMask = 2147483647;
			files = (
			);
			runOnlyForDeploymentPostprocessing = 0;
		};
		A0E994A12D9F6B6000A50EDE /* Sources */ = {
			isa = PBXSourcesBuildPhase;
			buildActionMask = 2147483647;
			files = (
			);
			runOnlyForDeploymentPostprocessing = 0;
		};
/* End PBXSourcesBuildPhase section */

/* Begin PBXTargetDependency section */
		A0E9934B2D9E23E100A50EDE /* PBXTargetDependency */ = {
			isa = PBXTargetDependency;
			target = A0E9933B2D9E23E000A50EDE /* LastEventStatsWidgetExtension */;
			targetProxy = A0E9934A2D9E23E100A50EDE /* PBXContainerItemProxy */;
		};
/* End PBXTargetDependency section */

/* Begin XCBuildConfiguration section */
		A04589772D9F78D400A7E865 /* Debug */ = {
			isa = XCBuildConfiguration;
			buildSettings = {
				ASSETCATALOG_COMPILER_APPICON_NAME = AppIcon;
				ASSETCATALOG_COMPILER_GLOBAL_ACCENT_COLOR_NAME = AccentColor;
				CODE_SIGN_STYLE = Automatic;
				CURRENT_PROJECT_VERSION = 1;
				DEVELOPMENT_ASSET_PATHS = "\"MMAScoreCardVisionOS/Preview Content\"";
				DEVELOPMENT_TEAM = 8H929ANH9V;
				ENABLE_PREVIEWS = YES;
				GENERATE_INFOPLIST_FILE = YES;
				INFOPLIST_FILE = "$(TARGET_NAME)/Info.plist";
				LD_RUNPATH_SEARCH_PATHS = (
					"$(inherited)",
					"@executable_path/Frameworks",
				);
				MARKETING_VERSION = 1.0;
				PRODUCT_BUNDLE_IDENTIFIER = io.github.danny270793.dev.mmascorecard.MMAScoreCardVisionOS;
				PRODUCT_NAME = "$(TARGET_NAME)";
				SDKROOT = xros;
				SUPPORTED_PLATFORMS = "xros xrsimulator";
				SWIFT_EMIT_LOC_STRINGS = YES;
				SWIFT_VERSION = 5.0;
				TARGETED_DEVICE_FAMILY = 7;
				XROS_DEPLOYMENT_TARGET = 2.0;
			};
			name = Debug;
		};
		A04589782D9F78D400A7E865 /* Release */ = {
			isa = XCBuildConfiguration;
			buildSettings = {
				ASSETCATALOG_COMPILER_APPICON_NAME = AppIcon;
				ASSETCATALOG_COMPILER_GLOBAL_ACCENT_COLOR_NAME = AccentColor;
				CODE_SIGN_STYLE = Automatic;
				CURRENT_PROJECT_VERSION = 1;
				DEVELOPMENT_ASSET_PATHS = "\"MMAScoreCardVisionOS/Preview Content\"";
				DEVELOPMENT_TEAM = 8H929ANH9V;
				ENABLE_PREVIEWS = YES;
				GENERATE_INFOPLIST_FILE = YES;
				INFOPLIST_FILE = "$(TARGET_NAME)/Info.plist";
				LD_RUNPATH_SEARCH_PATHS = (
					"$(inherited)",
					"@executable_path/Frameworks",
				);
				MARKETING_VERSION = 1.0;
				PRODUCT_BUNDLE_IDENTIFIER = io.github.danny270793.dev.mmascorecard.MMAScoreCardVisionOS;
				PRODUCT_NAME = "$(TARGET_NAME)";
				SDKROOT = xros;
				SUPPORTED_PLATFORMS = "xros xrsimulator";
				SWIFT_EMIT_LOC_STRINGS = YES;
				SWIFT_VERSION = 5.0;
				TARGETED_DEVICE_FAMILY = 7;
				XROS_DEPLOYMENT_TARGET = 2.0;
			};
			name = Release;
		};
		A0B318252D9080B600658E72 /* Debug */ = {
			isa = XCBuildConfiguration;
			buildSettings = {
				ALWAYS_SEARCH_USER_PATHS = NO;
				ASSETCATALOG_COMPILER_GENERATE_SWIFT_ASSET_SYMBOL_EXTENSIONS = YES;
				CLANG_ANALYZER_NONNULL = YES;
				CLANG_ANALYZER_NUMBER_OBJECT_CONVERSION = YES_AGGRESSIVE;
				CLANG_CXX_LANGUAGE_STANDARD = "gnu++20";
				CLANG_ENABLE_MODULES = YES;
				CLANG_ENABLE_OBJC_ARC = YES;
				CLANG_ENABLE_OBJC_WEAK = YES;
				CLANG_WARN_BLOCK_CAPTURE_AUTORELEASING = YES;
				CLANG_WARN_BOOL_CONVERSION = YES;
				CLANG_WARN_COMMA = YES;
				CLANG_WARN_CONSTANT_CONVERSION = YES;
				CLANG_WARN_DEPRECATED_OBJC_IMPLEMENTATIONS = YES;
				CLANG_WARN_DIRECT_OBJC_ISA_USAGE = YES_ERROR;
				CLANG_WARN_DOCUMENTATION_COMMENTS = YES;
				CLANG_WARN_EMPTY_BODY = YES;
				CLANG_WARN_ENUM_CONVERSION = YES;
				CLANG_WARN_INFINITE_RECURSION = YES;
				CLANG_WARN_INT_CONVERSION = YES;
				CLANG_WARN_NON_LITERAL_NULL_CONVERSION = YES;
				CLANG_WARN_OBJC_IMPLICIT_RETAIN_SELF = YES;
				CLANG_WARN_OBJC_LITERAL_CONVERSION = YES;
				CLANG_WARN_OBJC_ROOT_CLASS = YES_ERROR;
				CLANG_WARN_QUOTED_INCLUDE_IN_FRAMEWORK_HEADER = YES;
				CLANG_WARN_RANGE_LOOP_ANALYSIS = YES;
				CLANG_WARN_STRICT_PROTOTYPES = YES;
				CLANG_WARN_SUSPICIOUS_MOVE = YES;
				CLANG_WARN_UNGUARDED_AVAILABILITY = YES_AGGRESSIVE;
				CLANG_WARN_UNREACHABLE_CODE = YES;
				CLANG_WARN__DUPLICATE_METHOD_MATCH = YES;
				COPY_PHASE_STRIP = NO;
				DEBUG_INFORMATION_FORMAT = dwarf;
				ENABLE_STRICT_OBJC_MSGSEND = YES;
				ENABLE_TESTABILITY = YES;
				ENABLE_USER_SCRIPT_SANDBOXING = YES;
				GCC_C_LANGUAGE_STANDARD = gnu17;
				GCC_DYNAMIC_NO_PIC = NO;
				GCC_NO_COMMON_BLOCKS = YES;
				GCC_OPTIMIZATION_LEVEL = 0;
				GCC_PREPROCESSOR_DEFINITIONS = (
					"DEBUG=1",
					"$(inherited)",
				);
				GCC_WARN_64_TO_32_BIT_CONVERSION = YES;
				GCC_WARN_ABOUT_RETURN_TYPE = YES_ERROR;
				GCC_WARN_UNDECLARED_SELECTOR = YES;
				GCC_WARN_UNINITIALIZED_AUTOS = YES_AGGRESSIVE;
				GCC_WARN_UNUSED_FUNCTION = YES;
				GCC_WARN_UNUSED_VARIABLE = YES;
				IPHONEOS_DEPLOYMENT_TARGET = 18.0;
				LOCALIZATION_PREFERS_STRING_CATALOGS = YES;
				MTL_ENABLE_DEBUG_INFO = INCLUDE_SOURCE;
				MTL_FAST_MATH = YES;
				ONLY_ACTIVE_ARCH = YES;
				SDKROOT = iphoneos;
				SWIFT_ACTIVE_COMPILATION_CONDITIONS = "DEBUG $(inherited)";
				SWIFT_OPTIMIZATION_LEVEL = "-Onone";
			};
			name = Debug;
		};
		A0B318262D9080B600658E72 /* Release */ = {
			isa = XCBuildConfiguration;
			buildSettings = {
				ALWAYS_SEARCH_USER_PATHS = NO;
				ASSETCATALOG_COMPILER_GENERATE_SWIFT_ASSET_SYMBOL_EXTENSIONS = YES;
				CLANG_ANALYZER_NONNULL = YES;
				CLANG_ANALYZER_NUMBER_OBJECT_CONVERSION = YES_AGGRESSIVE;
				CLANG_CXX_LANGUAGE_STANDARD = "gnu++20";
				CLANG_ENABLE_MODULES = YES;
				CLANG_ENABLE_OBJC_ARC = YES;
				CLANG_ENABLE_OBJC_WEAK = YES;
				CLANG_WARN_BLOCK_CAPTURE_AUTORELEASING = YES;
				CLANG_WARN_BOOL_CONVERSION = YES;
				CLANG_WARN_COMMA = YES;
				CLANG_WARN_CONSTANT_CONVERSION = YES;
				CLANG_WARN_DEPRECATED_OBJC_IMPLEMENTATIONS = YES;
				CLANG_WARN_DIRECT_OBJC_ISA_USAGE = YES_ERROR;
				CLANG_WARN_DOCUMENTATION_COMMENTS = YES;
				CLANG_WARN_EMPTY_BODY = YES;
				CLANG_WARN_ENUM_CONVERSION = YES;
				CLANG_WARN_INFINITE_RECURSION = YES;
				CLANG_WARN_INT_CONVERSION = YES;
				CLANG_WARN_NON_LITERAL_NULL_CONVERSION = YES;
				CLANG_WARN_OBJC_IMPLICIT_RETAIN_SELF = YES;
				CLANG_WARN_OBJC_LITERAL_CONVERSION = YES;
				CLANG_WARN_OBJC_ROOT_CLASS = YES_ERROR;
				CLANG_WARN_QUOTED_INCLUDE_IN_FRAMEWORK_HEADER = YES;
				CLANG_WARN_RANGE_LOOP_ANALYSIS = YES;
				CLANG_WARN_STRICT_PROTOTYPES = YES;
				CLANG_WARN_SUSPICIOUS_MOVE = YES;
				CLANG_WARN_UNGUARDED_AVAILABILITY = YES_AGGRESSIVE;
				CLANG_WARN_UNREACHABLE_CODE = YES;
				CLANG_WARN__DUPLICATE_METHOD_MATCH = YES;
				COPY_PHASE_STRIP = NO;
				DEBUG_INFORMATION_FORMAT = "dwarf-with-dsym";
				ENABLE_NS_ASSERTIONS = NO;
				ENABLE_STRICT_OBJC_MSGSEND = YES;
				ENABLE_USER_SCRIPT_SANDBOXING = YES;
				GCC_C_LANGUAGE_STANDARD = gnu17;
				GCC_NO_COMMON_BLOCKS = YES;
				GCC_WARN_64_TO_32_BIT_CONVERSION = YES;
				GCC_WARN_ABOUT_RETURN_TYPE = YES_ERROR;
				GCC_WARN_UNDECLARED_SELECTOR = YES;
				GCC_WARN_UNINITIALIZED_AUTOS = YES_AGGRESSIVE;
				GCC_WARN_UNUSED_FUNCTION = YES;
				GCC_WARN_UNUSED_VARIABLE = YES;
				IPHONEOS_DEPLOYMENT_TARGET = 18.0;
				LOCALIZATION_PREFERS_STRING_CATALOGS = YES;
				MTL_ENABLE_DEBUG_INFO = NO;
				MTL_FAST_MATH = YES;
				SDKROOT = iphoneos;
				SWIFT_COMPILATION_MODE = wholemodule;
				VALIDATE_PRODUCT = YES;
			};
			name = Release;
		};
		A0B318282D9080B600658E72 /* Debug */ = {
			isa = XCBuildConfiguration;
			buildSettings = {
				ASSETCATALOG_COMPILER_APPICON_NAME = AppIcon;
				ASSETCATALOG_COMPILER_GLOBAL_ACCENT_COLOR_NAME = AccentColor;
				CODE_SIGN_STYLE = Automatic;
				CURRENT_PROJECT_VERSION = 6;
				DEVELOPMENT_ASSET_PATHS = "\"MMAScoreCard/Preview Content\"";
				DEVELOPMENT_TEAM = 8H929ANH9V;
				ENABLE_PREVIEWS = YES;
				GENERATE_INFOPLIST_FILE = YES;
				INFOPLIST_FILE = MMAScoreCard/Info.plist;
				INFOPLIST_KEY_CFBundleDisplayName = "MMA ScoreCard";
				INFOPLIST_KEY_LSApplicationCategoryType = "public.app-category.news";
				INFOPLIST_KEY_UIApplicationSceneManifest_Generation = YES;
				INFOPLIST_KEY_UIApplicationSupportsIndirectInputEvents = YES;
				INFOPLIST_KEY_UILaunchScreen_Generation = YES;
				INFOPLIST_KEY_UISupportedInterfaceOrientations_iPad = "UIInterfaceOrientationPortrait UIInterfaceOrientationPortraitUpsideDown UIInterfaceOrientationLandscapeLeft UIInterfaceOrientationLandscapeRight";
				INFOPLIST_KEY_UISupportedInterfaceOrientations_iPhone = "UIInterfaceOrientationPortrait UIInterfaceOrientationLandscapeLeft UIInterfaceOrientationLandscapeRight";
				LD_RUNPATH_SEARCH_PATHS = (
					"$(inherited)",
					"@executable_path/Frameworks",
				);
				MARKETING_VERSION = 1.0.7;
				PRODUCT_BUNDLE_IDENTIFIER = io.github.danny270793.dev.mmascorecard;
				PRODUCT_NAME = "$(TARGET_NAME)";
				SWIFT_EMIT_LOC_STRINGS = YES;
				SWIFT_VERSION = 5.0;
				TARGETED_DEVICE_FAMILY = "1,2";
			};
			name = Debug;
		};
		A0B318292D9080B600658E72 /* Release */ = {
			isa = XCBuildConfiguration;
			buildSettings = {
				ASSETCATALOG_COMPILER_APPICON_NAME = AppIcon;
				ASSETCATALOG_COMPILER_GLOBAL_ACCENT_COLOR_NAME = AccentColor;
				CODE_SIGN_STYLE = Automatic;
				CURRENT_PROJECT_VERSION = 6;
				DEVELOPMENT_ASSET_PATHS = "\"MMAScoreCard/Preview Content\"";
				DEVELOPMENT_TEAM = 8H929ANH9V;
				ENABLE_PREVIEWS = YES;
				GENERATE_INFOPLIST_FILE = YES;
				INFOPLIST_FILE = MMAScoreCard/Info.plist;
				INFOPLIST_KEY_CFBundleDisplayName = "MMA ScoreCard";
				INFOPLIST_KEY_LSApplicationCategoryType = "public.app-category.news";
				INFOPLIST_KEY_UIApplicationSceneManifest_Generation = YES;
				INFOPLIST_KEY_UIApplicationSupportsIndirectInputEvents = YES;
				INFOPLIST_KEY_UILaunchScreen_Generation = YES;
				INFOPLIST_KEY_UISupportedInterfaceOrientations_iPad = "UIInterfaceOrientationPortrait UIInterfaceOrientationPortraitUpsideDown UIInterfaceOrientationLandscapeLeft UIInterfaceOrientationLandscapeRight";
				INFOPLIST_KEY_UISupportedInterfaceOrientations_iPhone = "UIInterfaceOrientationPortrait UIInterfaceOrientationLandscapeLeft UIInterfaceOrientationLandscapeRight";
				LD_RUNPATH_SEARCH_PATHS = (
					"$(inherited)",
					"@executable_path/Frameworks",
				);
				MARKETING_VERSION = 1.0.7;
				PRODUCT_BUNDLE_IDENTIFIER = io.github.danny270793.dev.mmascorecard;
				PRODUCT_NAME = "$(TARGET_NAME)";
				SWIFT_EMIT_LOC_STRINGS = YES;
				SWIFT_VERSION = 5.0;
				TARGETED_DEVICE_FAMILY = "1,2";
			};
			name = Release;
		};
		A0E9934E2D9E23E100A50EDE /* Debug */ = {
			isa = XCBuildConfiguration;
			buildSettings = {
				ASSETCATALOG_COMPILER_GLOBAL_ACCENT_COLOR_NAME = AccentColor;
				ASSETCATALOG_COMPILER_WIDGET_BACKGROUND_COLOR_NAME = WidgetBackground;
				CODE_SIGN_ENTITLEMENTS = LastEventStatsWidgetExtension.entitlements;
				CODE_SIGN_STYLE = Automatic;
				CURRENT_PROJECT_VERSION = 1;
				DEVELOPMENT_TEAM = 8H929ANH9V;
				GENERATE_INFOPLIST_FILE = YES;
				INFOPLIST_FILE = LastEventStatsWidget/Info.plist;
				INFOPLIST_KEY_CFBundleDisplayName = LastEventStatsWidget;
				INFOPLIST_KEY_NSHumanReadableCopyright = "";
				LD_RUNPATH_SEARCH_PATHS = (
					"$(inherited)",
					"@executable_path/Frameworks",
					"@executable_path/../../Frameworks",
				);
				MARKETING_VERSION = 1.0;
				PRODUCT_BUNDLE_IDENTIFIER = io.github.danny270793.dev.mmascorecard.LastEventStatsWidget;
				PRODUCT_NAME = "$(TARGET_NAME)";
				SKIP_INSTALL = YES;
				SWIFT_EMIT_LOC_STRINGS = YES;
				SWIFT_VERSION = 5.0;
				TARGETED_DEVICE_FAMILY = "1,2";
			};
			name = Debug;
		};
		A0E9934F2D9E23E100A50EDE /* Release */ = {
			isa = XCBuildConfiguration;
			buildSettings = {
				ASSETCATALOG_COMPILER_GLOBAL_ACCENT_COLOR_NAME = AccentColor;
				ASSETCATALOG_COMPILER_WIDGET_BACKGROUND_COLOR_NAME = WidgetBackground;
				CODE_SIGN_ENTITLEMENTS = LastEventStatsWidgetExtension.entitlements;
				CODE_SIGN_STYLE = Automatic;
				CURRENT_PROJECT_VERSION = 1;
				DEVELOPMENT_TEAM = 8H929ANH9V;
				GENERATE_INFOPLIST_FILE = YES;
				INFOPLIST_FILE = LastEventStatsWidget/Info.plist;
				INFOPLIST_KEY_CFBundleDisplayName = LastEventStatsWidget;
				INFOPLIST_KEY_NSHumanReadableCopyright = "";
				LD_RUNPATH_SEARCH_PATHS = (
					"$(inherited)",
					"@executable_path/Frameworks",
					"@executable_path/../../Frameworks",
				);
				MARKETING_VERSION = 1.0;
				PRODUCT_BUNDLE_IDENTIFIER = io.github.danny270793.dev.mmascorecard.LastEventStatsWidget;
				PRODUCT_NAME = "$(TARGET_NAME)";
				SKIP_INSTALL = YES;
				SWIFT_EMIT_LOC_STRINGS = YES;
				SWIFT_VERSION = 5.0;
				TARGETED_DEVICE_FAMILY = "1,2";
			};
			name = Release;
		};
		A0E994722D9F40FD00A50EDE /* Debug */ = {
			isa = XCBuildConfiguration;
			buildSettings = {
				ASSETCATALOG_COMPILER_APPICON_NAME = AppIcon;
				ASSETCATALOG_COMPILER_GLOBAL_ACCENT_COLOR_NAME = AccentColor;
				CODE_SIGN_STYLE = Automatic;
				CURRENT_PROJECT_VERSION = 1;
				DEVELOPMENT_ASSET_PATHS = "\"MMAScoreCardWatchApp/Preview Content\"";
				DEVELOPMENT_TEAM = 8TGP3K3MLX;
				ENABLE_PREVIEWS = YES;
				GENERATE_INFOPLIST_FILE = YES;
				INFOPLIST_FILE = "MMAScoreCardWatch-Watch-App-Info.plist";
				INFOPLIST_KEY_CFBundleDisplayName = MMAScoreCardWatch;
				INFOPLIST_KEY_UISupportedInterfaceOrientations = "UIInterfaceOrientationPortrait UIInterfaceOrientationPortraitUpsideDown";
				INFOPLIST_KEY_WKCompanionAppBundleIdentifier = io.github.danny270793.MMAScoreCard;
				INFOPLIST_KEY_WKRunsIndependentlyOfCompanionApp = YES;
				LD_RUNPATH_SEARCH_PATHS = (
					"$(inherited)",
					"@executable_path/Frameworks",
				);
				MARKETING_VERSION = 1.0;
				PRODUCT_BUNDLE_IDENTIFIER = io.github.danny270793.dev.mmascorecard.watchkitapp;
				PRODUCT_NAME = "$(TARGET_NAME)";
				SDKROOT = watchos;
				SKIP_INSTALL = YES;
				SWIFT_EMIT_LOC_STRINGS = YES;
				SWIFT_VERSION = 5.0;
				TARGETED_DEVICE_FAMILY = 4;
				WATCHOS_DEPLOYMENT_TARGET = 11.0;
			};
			name = Debug;
		};
		A0E994732D9F40FD00A50EDE /* Release */ = {
			isa = XCBuildConfiguration;
			buildSettings = {
				ASSETCATALOG_COMPILER_APPICON_NAME = AppIcon;
				ASSETCATALOG_COMPILER_GLOBAL_ACCENT_COLOR_NAME = AccentColor;
				CODE_SIGN_STYLE = Automatic;
				CURRENT_PROJECT_VERSION = 1;
				DEVELOPMENT_ASSET_PATHS = "\"MMAScoreCardWatchApp/Preview Content\"";
				DEVELOPMENT_TEAM = 8TGP3K3MLX;
				ENABLE_PREVIEWS = YES;
				GENERATE_INFOPLIST_FILE = YES;
				INFOPLIST_FILE = "MMAScoreCardWatch-Watch-App-Info.plist";
				INFOPLIST_KEY_CFBundleDisplayName = MMAScoreCardWatch;
				INFOPLIST_KEY_UISupportedInterfaceOrientations = "UIInterfaceOrientationPortrait UIInterfaceOrientationPortraitUpsideDown";
				INFOPLIST_KEY_WKCompanionAppBundleIdentifier = io.github.danny270793.MMAScoreCard;
				INFOPLIST_KEY_WKRunsIndependentlyOfCompanionApp = YES;
				LD_RUNPATH_SEARCH_PATHS = (
					"$(inherited)",
					"@executable_path/Frameworks",
				);
				MARKETING_VERSION = 1.0;
				PRODUCT_BUNDLE_IDENTIFIER = io.github.danny270793.dev.mmascorecard.watchkitapp;
				PRODUCT_NAME = "$(TARGET_NAME)";
				SDKROOT = watchos;
				SKIP_INSTALL = YES;
				SWIFT_EMIT_LOC_STRINGS = YES;
				SWIFT_VERSION = 5.0;
				TARGETED_DEVICE_FAMILY = 4;
				WATCHOS_DEPLOYMENT_TARGET = 11.0;
			};
			name = Release;
		};
		A0E994B12D9F6B6200A50EDE /* Debug */ = {
			isa = XCBuildConfiguration;
			buildSettings = {
				ASSETCATALOG_COMPILER_APPICON_NAME = "App Icon & Top Shelf Image";
				ASSETCATALOG_COMPILER_GLOBAL_ACCENT_COLOR_NAME = AccentColor;
				CODE_SIGN_STYLE = Automatic;
				CURRENT_PROJECT_VERSION = 1;
				DEVELOPMENT_ASSET_PATHS = "\"MMAScoreCardTv/Preview Content\"";
				ENABLE_PREVIEWS = YES;
				GENERATE_INFOPLIST_FILE = YES;
				INFOPLIST_FILE = MMAScoreCardTv/Info.plist;
				INFOPLIST_KEY_UILaunchScreen_Generation = YES;
				INFOPLIST_KEY_UIUserInterfaceStyle = Automatic;
				LD_RUNPATH_SEARCH_PATHS = (
					"$(inherited)",
					"@executable_path/Frameworks",
				);
				MARKETING_VERSION = 1.0;
				PRODUCT_BUNDLE_IDENTIFIER = io.github.danny270793.dev.mmascorecard.MMAScoreCardTv;
				PRODUCT_NAME = "$(TARGET_NAME)";
				SDKROOT = appletvos;
				SWIFT_EMIT_LOC_STRINGS = YES;
				SWIFT_VERSION = 5.0;
				TARGETED_DEVICE_FAMILY = 3;
				TVOS_DEPLOYMENT_TARGET = 18.0;
			};
			name = Debug;
		};
		A0E994B22D9F6B6200A50EDE /* Release */ = {
			isa = XCBuildConfiguration;
			buildSettings = {
				ASSETCATALOG_COMPILER_APPICON_NAME = "App Icon & Top Shelf Image";
				ASSETCATALOG_COMPILER_GLOBAL_ACCENT_COLOR_NAME = AccentColor;
				CODE_SIGN_STYLE = Automatic;
				CURRENT_PROJECT_VERSION = 1;
				DEVELOPMENT_ASSET_PATHS = "\"MMAScoreCardTv/Preview Content\"";
				ENABLE_PREVIEWS = YES;
				GENERATE_INFOPLIST_FILE = YES;
				INFOPLIST_FILE = MMAScoreCardTv/Info.plist;
				INFOPLIST_KEY_UILaunchScreen_Generation = YES;
				INFOPLIST_KEY_UIUserInterfaceStyle = Automatic;
				LD_RUNPATH_SEARCH_PATHS = (
					"$(inherited)",
					"@executable_path/Frameworks",
				);
				MARKETING_VERSION = 1.0;
				PRODUCT_BUNDLE_IDENTIFIER = io.github.danny270793.dev.mmascorecard.MMAScoreCardTv;
				PRODUCT_NAME = "$(TARGET_NAME)";
				SDKROOT = appletvos;
				SWIFT_EMIT_LOC_STRINGS = YES;
				SWIFT_VERSION = 5.0;
				TARGETED_DEVICE_FAMILY = 3;
				TVOS_DEPLOYMENT_TARGET = 18.0;
			};
			name = Release;
		};
/* End XCBuildConfiguration section */

/* Begin XCConfigurationList section */
		A045897A2D9F78D400A7E865 /* Build configuration list for PBXNativeTarget "MMAScoreCardVisionOS" */ = {
			isa = XCConfigurationList;
			buildConfigurations = (
				A04589772D9F78D400A7E865 /* Debug */,
				A04589782D9F78D400A7E865 /* Release */,
			);
			defaultConfigurationIsVisible = 0;
			defaultConfigurationName = Release;
		};
		A0B318142D9080B400658E72 /* Build configuration list for PBXProject "MMAScoreCard" */ = {
			isa = XCConfigurationList;
			buildConfigurations = (
				A0B318252D9080B600658E72 /* Debug */,
				A0B318262D9080B600658E72 /* Release */,
			);
			defaultConfigurationIsVisible = 0;
			defaultConfigurationName = Release;
		};
		A0B318272D9080B600658E72 /* Build configuration list for PBXNativeTarget "MMAScoreCard" */ = {
			isa = XCConfigurationList;
			buildConfigurations = (
				A0B318282D9080B600658E72 /* Debug */,
				A0B318292D9080B600658E72 /* Release */,
			);
			defaultConfigurationIsVisible = 0;
			defaultConfigurationName = Release;
		};
		A0E993502D9E23E100A50EDE /* Build configuration list for PBXNativeTarget "LastEventStatsWidgetExtension" */ = {
			isa = XCConfigurationList;
			buildConfigurations = (
				A0E9934E2D9E23E100A50EDE /* Debug */,
				A0E9934F2D9E23E100A50EDE /* Release */,
			);
			defaultConfigurationIsVisible = 0;
			defaultConfigurationName = Release;
		};
		A0E994742D9F40FD00A50EDE /* Build configuration list for PBXNativeTarget "MMAScoreCardWatch Watch App" */ = {
			isa = XCConfigurationList;
			buildConfigurations = (
				A0E994722D9F40FD00A50EDE /* Debug */,
				A0E994732D9F40FD00A50EDE /* Release */,
			);
			defaultConfigurationIsVisible = 0;
			defaultConfigurationName = Release;
		};
		A0E994B02D9F6B6200A50EDE /* Build configuration list for PBXNativeTarget "MMAScoreCardTv" */ = {
			isa = XCConfigurationList;
			buildConfigurations = (
				A0E994B12D9F6B6200A50EDE /* Debug */,
				A0E994B22D9F6B6200A50EDE /* Release */,
			);
			defaultConfigurationIsVisible = 0;
			defaultConfigurationName = Release;
		};
/* End XCConfigurationList section */

/* Begin XCRemoteSwiftPackageReference section */
		A0B318362D90896400658E72 /* XCRemoteSwiftPackageReference "SwiftSoup" */ = {
			isa = XCRemoteSwiftPackageReference;
			repositoryURL = "https://github.com/scinfu/SwiftSoup";
			requirement = {
				kind = upToNextMajorVersion;
				minimumVersion = 2.8.7;
			};
		};
/* End XCRemoteSwiftPackageReference section */

/* Begin XCSwiftPackageProductDependency section */
		A045896B2D9F78D300A7E865 /* RealityKitContent */ = {
			isa = XCSwiftPackageProductDependency;
			productName = RealityKitContent;
		};
		A0A9C7732D9F7A5400D2646C /* SwiftSoup */ = {
			isa = XCSwiftPackageProductDependency;
			package = A0B318362D90896400658E72 /* XCRemoteSwiftPackageReference "SwiftSoup" */;
			productName = SwiftSoup;
		};
		A0B318372D90896400658E72 /* SwiftSoup */ = {
			isa = XCSwiftPackageProductDependency;
			package = A0B318362D90896400658E72 /* XCRemoteSwiftPackageReference "SwiftSoup" */;
			productName = SwiftSoup;
		};
		A0E993A42D9ED82A00A50EDE /* SwiftSoup */ = {
			isa = XCSwiftPackageProductDependency;
			package = A0B318362D90896400658E72 /* XCRemoteSwiftPackageReference "SwiftSoup" */;
			productName = SwiftSoup;
		};
		A0E994792D9F422400A50EDE /* SwiftSoup */ = {
			isa = XCSwiftPackageProductDependency;
			package = A0B318362D90896400658E72 /* XCRemoteSwiftPackageReference "SwiftSoup" */;
			productName = SwiftSoup;
		};
		A0E994C12D9F6C2D00A50EDE /* SwiftSoup */ = {
			isa = XCSwiftPackageProductDependency;
			package = A0B318362D90896400658E72 /* XCRemoteSwiftPackageReference "SwiftSoup" */;
			productName = SwiftSoup;
		};
/* End XCSwiftPackageProductDependency section */
	};
	rootObject = A0B318112D9080B400658E72 /* Project object */;
}
